{
  "object": {
    "pins": [
      {
        "package": "TypeSwift",
        "repositoryURL": "https://github.com/GameSmash/TypeSwift.git",
        "state": {
          "branch": null,
          "revision": "d9d9d5a75938388af9a9293d80eefe0a024f698b",
          "version": "0.0.8"
        }
      }
    ]
  },
  "version": 1
}
