{
  "object": {
    "pins": [
      {
        "package": "TypeSwift",
        "repositoryURL": "https://github.com/GameSmash/TypeSwift.git",
        "state": {
          "branch": null,
          "revision": "362a26daebe35fce74e3db8977c591f4b55b0ae6",
          "version": "0.0.13"
        }
      }
    ]
  },
  "version": 1
}
